<?xml version="1.0" encoding="utf-8"?>
<Project ToolsVersion="4.0" xmlns="http://schemas.microsoft.com/developer/msbuild/2003">
  <ItemGroup>
    <ClCompile Include="Bitmap.cpp" />
    <ClCompile Include="CircleBrush.cpp" />
    <ClCompile Include="ImpBrush.cpp" />
    <ClCompile Include="Impressionist.cpp" />
    <ClCompile Include="ImpressionistDoc.cpp" />
    <ClCompile Include="ImpressionistUI.cpp" />
    <ClCompile Include="LineBrush.cpp" />
    <ClCompile Include="OriginalView.cpp" />
    <ClCompile Include="PaintView.cpp" />
    <ClCompile Include="PointBrush.cpp" />
    <ClCompile Include="ScatteredCircleBrush.cpp" />
    <ClCompile Include="ScatteredLineBrush.cpp" />
    <ClCompile Include="ScatteredPointBrush.cpp" />
    <ClCompile Include="LineOverlay.cpp" />
  </ItemGroup>
  <ItemGroup>
    <ClInclude Include="bitmap.h" />
    <ClInclude Include="CircleBrush.h" />
    <ClInclude Include="ImpBrush.h" />
    <ClInclude Include="LineBrush.h" />
    <ClInclude Include="OriginalView.h" />
    <ClInclude Include="PaintView.h" />
    <ClInclude Include="PointBrush.h" />
    <ClInclude Include="ScatteredCircleBrush.h" />
    <ClInclude Include="ScatteredLineBrush.h" />
    <ClInclude Include="ScatteredPointBrush.h" />
    <ClInclude Include="LineOverlay.h" />
    <ClInclude Include="ImpressionistDoc.h" />
    <ClInclude Include="ImpressionistUI.h" />
    <ClInclude Include="Impressionist.h" />
  </ItemGroup>
</Project>